
Microsoft Visual Studio Solution File, Format Version 12.00
# Visual Studio 14
VisualStudioVersion = 14.0.25420.1
MinimumVisualStudioVersion = 10.0.40219.1
Project("{FAE04EC0-301F-11D3-BF4B-00C04F79EFBC}") = "jikexueyuan", "jikexueyuan\jikexueyuan.csproj", "{71B4E433-55D0-4459-8731-75D59E05FD90}"
EndProject
Project("{FAE04EC0-301F-11D3-BF4B-00C04F79EFBC}") = "owin.host", "owin.host\owin.host.csproj", "{130B6082-2BF7-4FA8-95EC-BEE7F7505DED}"
EndProject
Project("{FAE04EC0-301F-11D3-BF4B-00C04F79EFBC}") = "owin.ClassHost", "owin.ClassHost\owin.ClassHost.csproj", "{19D7F692-4B76-4C3C-BB87-87E6625A9FBE}"
EndProject
Global
	GlobalSection(SolutionConfigurationPlatforms) = preSolution
		Debug|Any CPU = Debug|Any CPU
		Release|Any CPU = Release|Any CPU
	EndGlobalSection
	GlobalSection(ProjectConfigurationPlatforms) = postSolution
		{71B4E433-55D0-4459-8731-75D59E05FD90}.Debug|Any CPU.ActiveCfg = Debug|Any CPU
		{71B4E433-55D0-4459-8731-75D59E05FD90}.Debug|Any CPU.Build.0 = Debug|Any CPU
		{71B4E433-55D0-4459-8731-75D59E05FD90}.Release|Any CPU.ActiveCfg = Debug|Any CPU
		{71B4E433-55D0-4459-8731-75D59E05FD90}.Release|Any CPU.Build.0 = Debug|Any CPU
		{130B6082-2BF7-4FA8-95EC-BEE7F7505DED}.Debug|Any CPU.ActiveCfg = Debug|Any CPU
		{130B6082-2BF7-4FA8-95EC-BEE7F7505DED}.Debug|Any CPU.Build.0 = Debug|Any CPU
		{130B6082-2BF7-4FA8-95EC-BEE7F7505DED}.Release|Any CPU.ActiveCfg = Release|Any CPU
		{130B6082-2BF7-4FA8-95EC-BEE7F7505DED}.Release|Any CPU.Build.0 = Release|Any CPU
		{19D7F692-4B76-4C3C-BB87-87E6625A9FBE}.Debug|Any CPU.ActiveCfg = Debug|Any CPU
		{19D7F692-4B76-4C3C-BB87-87E6625A9FBE}.Debug|Any CPU.Build.0 = Debug|Any CPU
		{19D7F692-4B76-4C3C-BB87-87E6625A9FBE}.Release|Any CPU.ActiveCfg = Release|Any CPU
		{19D7F692-4B76-4C3C-BB87-87E6625A9FBE}.Release|Any CPU.Build.0 = Release|Any CPU
	EndGlobalSection
	GlobalSection(SolutionProperties) = preSolution
		HideSolutionNode = FALSE
	EndGlobalSection
EndGlobal
